
Microsoft Visual Studio Solution File, Format Version 12.00
# Visual Studio Version 17
VisualStudioVersion = 17.5.33516.290
MinimumVisualStudioVersion = 10.0.40219.1
Project("{FAE04EC0-301F-11D3-BF4B-00C04F79EFBC}") = "PrintPattern2", "PrintPattern2.csproj", "{64437533-1AA0-44B5-BFF7-5A7A84DCDC5E}"
EndProject
Global
	GlobalSection(SolutionConfigurationPlatforms) = preSolution
		Debug|Any CPU = Debug|Any CPU
		Release|Any CPU = Release|Any CPU
	EndGlobalSection
	GlobalSection(ProjectConfigurationPlatforms) = postSolution
		{64437533-1AA0-44B5-BFF7-5A7A84DCDC5E}.Debug|Any CPU.ActiveCfg = Debug|Any CPU
		{64437533-1AA0-44B5-BFF7-5A7A84DCDC5E}.Debug|Any CPU.Build.0 = Debug|Any CPU
		{64437533-1AA0-44B5-BFF7-5A7A84DCDC5E}.Release|Any CPU.ActiveCfg = Release|Any CPU
		{64437533-1AA0-44B5-BFF7-5A7A84DCDC5E}.Release|Any CPU.Build.0 = Release|Any CPU
	EndGlobalSection
	GlobalSection(SolutionProperties) = preSolution
		HideSolutionNode = FALSE
	EndGlobalSection
	GlobalSection(ExtensibilityGlobals) = postSolution
		SolutionGuid = {5402C6D3-B3F4-460B-8249-99065FDF7F3D}
	EndGlobalSection
EndGlobal
